{
  "version": 4,
  "terraform_version": "1.12.2",
  "serial": 34,
  "lineage": "b908b57d-3f8b-d942-34f2-c8bb9ca18836",
  "outputs": {},
  "resources": [
    {
      "mode": "managed",
      "type": "google_project_service",
      "name": "enable_apis",
      "provider": "provider[\"registry.terraform.io/hashicorp/google\"]",
      "instances": [
        {
          "index_key": "aiplatform.googleapis.com",
          "schema_version": 0,
          "attributes": {
            "disable_dependent_services": null,
            "disable_on_destroy": true,
            "id": "propane-will-468518-d0/aiplatform.googleapis.com",
            "project": "propane-will-468518-d0",
            "service": "aiplatform.googleapis.com",
            "timeouts": null
          },
          "sensitive_attributes": [],
          "identity_schema_version": 0,
          "private": "eyJlMmJmYjczMC1lY2FhLTExZTYtOGY4OC0zNDM2M2JjN2M0YzAiOnsiY3JlYXRlIjoxMjAwMDAwMDAwMDAwLCJkZWxldGUiOjEyMDAwMDAwMDAwMDAsInJlYWQiOjYwMDAwMDAwMDAwMCwidXBkYXRlIjoxMjAwMDAwMDAwMDAwfX0="
        },
        {
          "index_key": "iam.googleapis.com",
          "schema_version": 0,
          "attributes": {
            "disable_dependent_services": null,
            "disable_on_destroy": true,
            "id": "propane-will-468518-d0/iam.googleapis.com",
            "project": "propane-will-468518-d0",
            "service": "iam.googleapis.com",
            "timeouts": null
          },
          "sensitive_attributes": [],
          "identity_schema_version": 0,
          "private": "eyJlMmJmYjczMC1lY2FhLTExZTYtOGY4OC0zNDM2M2JjN2M0YzAiOnsiY3JlYXRlIjoxMjAwMDAwMDAwMDAwLCJkZWxldGUiOjEyMDAwMDAwMDAwMDAsInJlYWQiOjYwMDAwMDAwMDAwMCwidXBkYXRlIjoxMjAwMDAwMDAwMDAwfX0="
        },
        {
          "index_key": "run.googleapis.com",
          "schema_version": 0,
          "attributes": {
            "disable_dependent_services": null,
            "disable_on_destroy": true,
            "id": "propane-will-468518-d0/run.googleapis.com",
            "project": "propane-will-468518-d0",
            "service": "run.googleapis.com",
            "timeouts": null
          },
          "sensitive_attributes": [],
          "identity_schema_version": 0,
          "private": "eyJlMmJmYjczMC1lY2FhLTExZTYtOGY4OC0zNDM2M2JjN2M0YzAiOnsiY3JlYXRlIjoxMjAwMDAwMDAwMDAwLCJkZWxldGUiOjEyMDAwMDAwMDAwMDAsInJlYWQiOjYwMDAwMDAwMDAwMCwidXBkYXRlIjoxMjAwMDAwMDAwMDAwfX0="
        },
        {
          "index_key": "secretmanager.googleapis.com",
          "schema_version": 0,
          "attributes": {
            "disable_dependent_services": null,
            "disable_on_destroy": true,
            "id": "propane-will-468518-d0/secretmanager.googleapis.com",
            "project": "propane-will-468518-d0",
            "service": "secretmanager.googleapis.com",
            "timeouts": null
          },
          "sensitive_attributes": [],
          "identity_schema_version": 0,
          "private": "eyJlMmJmYjczMC1lY2FhLTExZTYtOGY4OC0zNDM2M2JjN2M0YzAiOnsiY3JlYXRlIjoxMjAwMDAwMDAwMDAwLCJkZWxldGUiOjEyMDAwMDAwMDAwMDAsInJlYWQiOjYwMDAwMDAwMDAwMCwidXBkYXRlIjoxMjAwMDAwMDAwMDAwfX0="
        },
        {
          "index_key": "storage.googleapis.com",
          "schema_version": 0,
          "attributes": {
            "disable_dependent_services": null,
            "disable_on_destroy": true,
            "id": "propane-will-468518-d0/storage.googleapis.com",
            "project": "propane-will-468518-d0",
            "service": "storage.googleapis.com",
            "timeouts": null
          },
          "sensitive_attributes": [],
          "identity_schema_version": 0,
          "private": "eyJlMmJmYjczMC1lY2FhLTExZTYtOGY4OC0zNDM2M2JjN2M0YzAiOnsiY3JlYXRlIjoxMjAwMDAwMDAwMDAwLCJkZWxldGUiOjEyMDAwMDAwMDAwMDAsInJlYWQiOjYwMDAwMDAwMDAwMCwidXBkYXRlIjoxMjAwMDAwMDAwMDAwfX0="
        }
      ]
    },
    {
      "mode": "managed",
      "type": "google_project_service",
      "name": "secret_manager",
      "provider": "provider[\"registry.terraform.io/hashicorp/google\"]",
      "instances": [
        {
          "schema_version": 0,
          "attributes": {
            "disable_dependent_services": null,
            "disable_on_destroy": true,
            "id": "propane-will-468518-d0/secretmanager.googleapis.com",
            "project": "propane-will-468518-d0",
            "service": "secretmanager.googleapis.com",
            "timeouts": null
          },
          "sensitive_attributes": [],
          "identity_schema_version": 0,
          "private": "eyJlMmJmYjczMC1lY2FhLTExZTYtOGY4OC0zNDM2M2JjN2M0YzAiOnsiY3JlYXRlIjoxMjAwMDAwMDAwMDAwLCJkZWxldGUiOjEyMDAwMDAwMDAwMDAsInJlYWQiOjYwMDAwMDAwMDAwMCwidXBkYXRlIjoxMjAwMDAwMDAwMDAwfX0="
        }
      ]
    },
    {
      "mode": "managed",
      "type": "google_secret_manager_secret",
      "name": "github_sync_sa_secret",
      "provider": "provider[\"registry.terraform.io/hashicorp/google\"]",
      "instances": [
        {
          "schema_version": 0,
          "attributes": {
            "annotations": {},
            "create_time": "2025-08-09T23:58:27.786257Z",
            "effective_annotations": {},
            "effective_labels": {},
            "expire_time": "",
            "id": "projects/propane-will-468518-d0/secrets/github-sync-sa-key",
            "labels": {},
            "name": "projects/69138043800/secrets/github-sync-sa-key",
            "project": "propane-will-468518-d0",
            "replication": [
              {
                "auto": [
                  {
                    "customer_managed_encryption": []
                  }
                ],
                "user_managed": []
              }
            ],
            "rotation": [],
            "secret_id": "github-sync-sa-key",
            "terraform_labels": {},
            "timeouts": null,
            "topics": [],
            "ttl": null,
            "version_aliases": {},
            "version_destroy_ttl": ""
          },
          "sensitive_attributes": [],
          "identity_schema_version": 0,
          "private": "eyJlMmJmYjczMC1lY2FhLTExZTYtOGY4OC0zNDM2M2JjN2M0YzAiOnsiY3JlYXRlIjoxMjAwMDAwMDAwMDAwLCJkZWxldGUiOjEyMDAwMDAwMDAwMDAsInVwZGF0ZSI6MTIwMDAwMDAwMDAwMH19"
        }
      ]
    },
    {
      "mode": "managed",
      "type": "google_secret_manager_secret_version",
      "name": "github_sync_sa_secret_version",
      "provider": "provider[\"registry.terraform.io/hashicorp/google\"]",
      "instances": [
        {
          "schema_version": 0,
          "attributes": {
            "create_time": "2025-08-09T23:58:30.690024Z",
            "deletion_policy": "DELETE",
            "destroy_time": "",
            "enabled": true,
            "id": "projects/69138043800/secrets/github-sync-sa-key/versions/1",
            "is_secret_data_base64": false,
            "name": "projects/69138043800/secrets/github-sync-sa-key/versions/1",
            "secret": "projects/propane-will-468518-d0/secrets/github-sync-sa-key",
            "secret_data": "ewogICJ0eXBlIjogInNlcnZpY2VfYWNjb3VudCIsCiAgInByb2plY3RfaWQiOiAicHJvcGFuZS13aWxsLTQ2ODUxOC1kMCIsCiAgInByaXZhdGVfa2V5X2lkIjogImI2YWUxNDVkOWM4ZWEyNzYyNGU0Y2IzYmM1ZmFmZTBlNzQ5Y2ZhOTYiLAogICJwcml2YXRlX2tleSI6ICItLS0tLUJFR0lOIFBSSVZBVEUgS0VZLS0tLS1cbk1JSUV2QUlCQURBTkJna3Foa2lHOXcwQkFRRUZBQVNDQktZd2dnU2lBZ0VBQW9JQkFRREEvQW1CcU1hdEkwN0hcbkdSUlVibVNxdzgzQ0xHckZtb1lKTE5lMS9PN25qSWRSL2wxTHUrZ2UrM0pqcUJCVmJCM1I1YXNCUEphL0VDdEpcbmd6UnJXY2owWEpFSFJVaDJEV0VBYWpyYjJ4aHBDNk83dmNEUlFCZm9aZEkzMVdIVGd5T2dEQ2Vxai9XUDZtQzNcbm9nSkdUaDFoU0pRaGZyNkRHMzdFaE9JUFhMUVQwZEdtbTVBV2UzNTRsYmtObHVrZHR1UGpDVmlGalFBNThZTm1cbnN0VFVzbG91RyszaW9ubnhaMTFtYTBYaFUrNEFDRzByQVRHRnRBMXJ4UGwzOXBJdUVPQmttTTRJcTU3TmtBYVlcbkwzRCtuMm05TkpPUHBPNXFtc3JtQXNBNWpXY2ViaG5GR2ltbkV0eHBZQjFuRTNXaGF6OVFRSVNLN3hHWGgwQnVcblpQK0Y1NzU1QWdNQkFBRUNnZ0VBRWNpd0doVWE4TzNiNXJ4VWk2Yk1LMUhsc2xiOFJHYzE0cDdScHBWUFVVSjVcbm5taFh3ZURJTm1HeTFBVHk4MkpHR2JlRjA1UjVLbFNEdnEraSt5RVFKQmVyTEQyNTNKb2xSaC9qK21wMWRJbTBcbmJockJpKzd4ZlJLMEJYM3FHTThoRDNETFQzd2FjNmVVUDl2anhJV1Nqc3Bjenp6aU1zd0wrYkZxc1NKNGZFcHNcbmJYYU91SHQyKyt3bTkxUXpsbGdjWTJNSTdRMWNHZGxYcGJCZ3MyVlZiNkQ2K2YzeTZkWC8xN0ZMSzFPc2lVUkJcbjhQaEc3WkJvYmtJeitNMDZOZ1FoV0VuZVpOb1BLRjJzRFFlZmIwNXpVaGJuT1Uyb2x2cnYyMDhTUUZwT3FYVTBcbk96L0hScUY0UG9taEhuR0JDTE9FV0xMdkVTYWVDY3o4bWNQUXgvaFBVUUtCZ1FEOUErRjlwN3lBN2FnT2lUOS9cbm5VanVQMndoenJweDdvMUtCeHpMSFlNbkpNbEpXUHlGekhicFgvOHRQb01sQTU2QTVoWHoyTnkxcWR4YmdpME9cbk9pZFYxdklCdURFTE5NTDc3elZLYW51TkRWbzRYV2VIdE1kU2RaU2tFR3FYSDNXSWtlMHYzcGFQUE1HN3R1OStcbmY1Zk5Ra1VjcFhBcklaMml6VWplYnkzRThRS0JnUUREUXR4UWFkcFpLamFZUzhjS1c5aGNWZit0OWJzVS93d0RcbmllWTdKbS9TaThBZC9MaGtNbUZQY09RZFVKZ0ZxWTdzc0ZKMHQ5SkxJbS8vQU1pcGJnWTd5SFk2b3hCdUdNb2tcblBQN21VM1hKejg5SGtTR29QS3NESThvYk96cGo5U25vODR6V0V4OEwrYVdGME52MEhTVXB5Sjlpa3JnVVlFaGpcbjFuMjdheUR5Q1FLQmdHOCttSk5WLzlTMEtaTVNsMSsxdVE0L3hueHExNkVtWU9ydWk2Tm11M2FuZnZVSDhpZW1cbkNaWjh4Y2FQMkx1YWhzTm41cmtMWGFkbUl1UDlMWEEyODNxVGdsNXRMT3NmYktlMnVqaVk3dS9Lc2lOY05odjlcbnlUR2hUeFIvdjAzbzRCV0hDOEZqWGRGbXhrdVJtR1dIRmlpQ2ZiNmxvdGJqOWRwUjVqc2VxUUlSQW9HQUZycllcbnhLK2QwRlZlcDVuaW9LMFNZYVZOTHlYMDBqdmlYU01YWHZsWmVRdjFvRWdEK3YzMlgvWUhSL1pTekEzeDZsR1lcbk42Z1NYZGF6Yk43ZGZRT216QnpJem9pZTZBSVF2ZWt2endZV0p4ait5eGowN3cybzVxT3E2a0taeUhzSWx1cUxcbkVYeUdWN0dHK0MzWS9QRExtN0tVQXppTEh5d2FJUzBkMDh4anVHa0NnWUFJVmVlNkFlODh0aWdYQ1VBMGx3d2VcbjYvMnpGbzBFaXMxS0pEM2FnUW9GRUJjcDk2WVRXVUtjTndEZDBFcTBnMHRVSGVWYzNxN1RFeEh6M0VkVWp3bDhcbndMZ0MySzJITHhSWkUwbnVvSUtSV1VTeWllaGZHOHJmTGV5ajFCcmtiUGdDTm4rdHRtdUJjY3hnc0gzZWN1ZmtcbjVHcksyRkYrQ3B1Q0hzaHAzcGpCNWc9PVxuLS0tLS1FTkQgUFJJVkFURSBLRVktLS0tLVxuIiwKICAiY2xpZW50X2VtYWlsIjogImdpdGh1Yi1zeW5jLWJ1Y2tldC1yZWFkZXJAcHJvcGFuZS13aWxsLTQ2ODUxOC1kMC5pYW0uZ3NlcnZpY2VhY2NvdW50LmNvbSIsCiAgImNsaWVudF9pZCI6ICIxMDA0NTk5NjQ2MTM5NjMyMzkwMzMiLAogICJhdXRoX3VyaSI6ICJodHRwczovL2FjY291bnRzLmdvb2dsZS5jb20vby9vYXV0aDIvYXV0aCIsCiAgInRva2VuX3VyaSI6ICJodHRwczovL29hdXRoMi5nb29nbGVhcGlzLmNvbS90b2tlbiIsCiAgImF1dGhfcHJvdmlkZXJfeDUwOV9jZXJ0X3VybCI6ICJodHRwczovL3d3dy5nb29nbGVhcGlzLmNvbS9vYXV0aDIvdjEvY2VydHMiLAogICJjbGllbnRfeDUwOV9jZXJ0X3VybCI6ICJodHRwczovL3d3dy5nb29nbGVhcGlzLmNvbS9yb2JvdC92MS9tZXRhZGF0YS94NTA5L2dpdGh1Yi1zeW5jLWJ1Y2tldC1yZWFkZXIlNDBwcm9wYW5lLXdpbGwtNDY4NTE4LWQwLmlhbS5nc2VydmljZWFjY291bnQuY29tIiwKICAidW5pdmVyc2VfZG9tYWluIjogImdvb2dsZWFwaXMuY29tIgp9Cg==",
            "timeouts": null,
            "version": "1"
          },
          "sensitive_attributes": [
            [
              {
                "type": "get_attr",
                "value": "secret_data"
              }
            ]
          ],
          "identity_schema_version": 0,
          "private": "eyJlMmJmYjczMC1lY2FhLTExZTYtOGY4OC0zNDM2M2JjN2M0YzAiOnsiY3JlYXRlIjoxMjAwMDAwMDAwMDAwLCJkZWxldGUiOjEyMDAwMDAwMDAwMDAsInVwZGF0ZSI6MTIwMDAwMDAwMDAwMH19",
          "dependencies": [
            "google_secret_manager_secret.github_sync_sa_secret",
            "google_service_account.github_sync_sa",
            "google_service_account_key.github_sync_sa_key"
          ]
        }
      ]
    },
    {
      "mode": "managed",
      "type": "google_service_account",
      "name": "github_sync_sa",
      "provider": "provider[\"registry.terraform.io/hashicorp/google\"]",
      "instances": [
        {
          "schema_version": 0,
          "attributes": {
            "account_id": "github-sync-bucket-reader",
            "create_ignore_already_exists": null,
            "description": "",
            "disabled": false,
            "display_name": "GitHub Actions - Sync Pipeline Bucket Reader",
            "email": "github-sync-bucket-reader@propane-will-468518-d0.iam.gserviceaccount.com",
            "id": "projects/propane-will-468518-d0/serviceAccounts/github-sync-bucket-reader@propane-will-468518-d0.iam.gserviceaccount.com",
            "member": "serviceAccount:github-sync-bucket-reader@propane-will-468518-d0.iam.gserviceaccount.com",
            "name": "projects/propane-will-468518-d0/serviceAccounts/github-sync-bucket-reader@propane-will-468518-d0.iam.gserviceaccount.com",
            "project": "propane-will-468518-d0",
            "timeouts": null,
            "unique_id": "100459964613963239033"
          },
          "sensitive_attributes": [],
          "identity_schema_version": 0,
          "private": "eyJlMmJmYjczMC1lY2FhLTExZTYtOGY4OC0zNDM2M2JjN2M0YzAiOnsiY3JlYXRlIjozMDAwMDAwMDAwMDB9fQ=="
        }
      ]
    },
    {
      "mode": "managed",
      "type": "google_service_account_key",
      "name": "github_sync_sa_key",
      "provider": "provider[\"registry.terraform.io/hashicorp/google\"]",
      "instances": [
        {
          "schema_version": 0,
          "attributes": {
            "id": "projects/propane-will-468518-d0/serviceAccounts/github-sync-bucket-reader@propane-will-468518-d0.iam.gserviceaccount.com/keys/b6ae145d9c8ea27624e4cb3bc5fafe0e749cfa96",
            "keepers": null,
            "key_algorithm": "KEY_ALG_RSA_2048",
            "name": "projects/propane-will-468518-d0/serviceAccounts/github-sync-bucket-reader@propane-will-468518-d0.iam.gserviceaccount.com/keys/b6ae145d9c8ea27624e4cb3bc5fafe0e749cfa96",
            "private_key": "ewogICJ0eXBlIjogInNlcnZpY2VfYWNjb3VudCIsCiAgInByb2plY3RfaWQiOiAicHJvcGFuZS13aWxsLTQ2ODUxOC1kMCIsCiAgInByaXZhdGVfa2V5X2lkIjogImI2YWUxNDVkOWM4ZWEyNzYyNGU0Y2IzYmM1ZmFmZTBlNzQ5Y2ZhOTYiLAogICJwcml2YXRlX2tleSI6ICItLS0tLUJFR0lOIFBSSVZBVEUgS0VZLS0tLS1cbk1JSUV2QUlCQURBTkJna3Foa2lHOXcwQkFRRUZBQVNDQktZd2dnU2lBZ0VBQW9JQkFRREEvQW1CcU1hdEkwN0hcbkdSUlVibVNxdzgzQ0xHckZtb1lKTE5lMS9PN25qSWRSL2wxTHUrZ2UrM0pqcUJCVmJCM1I1YXNCUEphL0VDdEpcbmd6UnJXY2owWEpFSFJVaDJEV0VBYWpyYjJ4aHBDNk83dmNEUlFCZm9aZEkzMVdIVGd5T2dEQ2Vxai9XUDZtQzNcbm9nSkdUaDFoU0pRaGZyNkRHMzdFaE9JUFhMUVQwZEdtbTVBV2UzNTRsYmtObHVrZHR1UGpDVmlGalFBNThZTm1cbnN0VFVzbG91RyszaW9ubnhaMTFtYTBYaFUrNEFDRzByQVRHRnRBMXJ4UGwzOXBJdUVPQmttTTRJcTU3TmtBYVlcbkwzRCtuMm05TkpPUHBPNXFtc3JtQXNBNWpXY2ViaG5GR2ltbkV0eHBZQjFuRTNXaGF6OVFRSVNLN3hHWGgwQnVcblpQK0Y1NzU1QWdNQkFBRUNnZ0VBRWNpd0doVWE4TzNiNXJ4VWk2Yk1LMUhsc2xiOFJHYzE0cDdScHBWUFVVSjVcbm5taFh3ZURJTm1HeTFBVHk4MkpHR2JlRjA1UjVLbFNEdnEraSt5RVFKQmVyTEQyNTNKb2xSaC9qK21wMWRJbTBcbmJockJpKzd4ZlJLMEJYM3FHTThoRDNETFQzd2FjNmVVUDl2anhJV1Nqc3Bjenp6aU1zd0wrYkZxc1NKNGZFcHNcbmJYYU91SHQyKyt3bTkxUXpsbGdjWTJNSTdRMWNHZGxYcGJCZ3MyVlZiNkQ2K2YzeTZkWC8xN0ZMSzFPc2lVUkJcbjhQaEc3WkJvYmtJeitNMDZOZ1FoV0VuZVpOb1BLRjJzRFFlZmIwNXpVaGJuT1Uyb2x2cnYyMDhTUUZwT3FYVTBcbk96L0hScUY0UG9taEhuR0JDTE9FV0xMdkVTYWVDY3o4bWNQUXgvaFBVUUtCZ1FEOUErRjlwN3lBN2FnT2lUOS9cbm5VanVQMndoenJweDdvMUtCeHpMSFlNbkpNbEpXUHlGekhicFgvOHRQb01sQTU2QTVoWHoyTnkxcWR4YmdpME9cbk9pZFYxdklCdURFTE5NTDc3elZLYW51TkRWbzRYV2VIdE1kU2RaU2tFR3FYSDNXSWtlMHYzcGFQUE1HN3R1OStcbmY1Zk5Ra1VjcFhBcklaMml6VWplYnkzRThRS0JnUUREUXR4UWFkcFpLamFZUzhjS1c5aGNWZit0OWJzVS93d0RcbmllWTdKbS9TaThBZC9MaGtNbUZQY09RZFVKZ0ZxWTdzc0ZKMHQ5SkxJbS8vQU1pcGJnWTd5SFk2b3hCdUdNb2tcblBQN21VM1hKejg5SGtTR29QS3NESThvYk96cGo5U25vODR6V0V4OEwrYVdGME52MEhTVXB5Sjlpa3JnVVlFaGpcbjFuMjdheUR5Q1FLQmdHOCttSk5WLzlTMEtaTVNsMSsxdVE0L3hueHExNkVtWU9ydWk2Tm11M2FuZnZVSDhpZW1cbkNaWjh4Y2FQMkx1YWhzTm41cmtMWGFkbUl1UDlMWEEyODNxVGdsNXRMT3NmYktlMnVqaVk3dS9Lc2lOY05odjlcbnlUR2hUeFIvdjAzbzRCV0hDOEZqWGRGbXhrdVJtR1dIRmlpQ2ZiNmxvdGJqOWRwUjVqc2VxUUlSQW9HQUZycllcbnhLK2QwRlZlcDVuaW9LMFNZYVZOTHlYMDBqdmlYU01YWHZsWmVRdjFvRWdEK3YzMlgvWUhSL1pTekEzeDZsR1lcbk42Z1NYZGF6Yk43ZGZRT216QnpJem9pZTZBSVF2ZWt2endZV0p4ait5eGowN3cybzVxT3E2a0taeUhzSWx1cUxcbkVYeUdWN0dHK0MzWS9QRExtN0tVQXppTEh5d2FJUzBkMDh4anVHa0NnWUFJVmVlNkFlODh0aWdYQ1VBMGx3d2VcbjYvMnpGbzBFaXMxS0pEM2FnUW9GRUJjcDk2WVRXVUtjTndEZDBFcTBnMHRVSGVWYzNxN1RFeEh6M0VkVWp3bDhcbndMZ0MySzJITHhSWkUwbnVvSUtSV1VTeWllaGZHOHJmTGV5ajFCcmtiUGdDTm4rdHRtdUJjY3hnc0gzZWN1ZmtcbjVHcksyRkYrQ3B1Q0hzaHAzcGpCNWc9PVxuLS0tLS1FTkQgUFJJVkFURSBLRVktLS0tLVxuIiwKICAiY2xpZW50X2VtYWlsIjogImdpdGh1Yi1zeW5jLWJ1Y2tldC1yZWFkZXJAcHJvcGFuZS13aWxsLTQ2ODUxOC1kMC5pYW0uZ3NlcnZpY2VhY2NvdW50LmNvbSIsCiAgImNsaWVudF9pZCI6ICIxMDA0NTk5NjQ2MTM5NjMyMzkwMzMiLAogICJhdXRoX3VyaSI6ICJodHRwczovL2FjY291bnRzLmdvb2dsZS5jb20vby9vYXV0aDIvYXV0aCIsCiAgInRva2VuX3VyaSI6ICJodHRwczovL29hdXRoMi5nb29nbGVhcGlzLmNvbS90b2tlbiIsCiAgImF1dGhfcHJvdmlkZXJfeDUwOV9jZXJ0X3VybCI6ICJodHRwczovL3d3dy5nb29nbGVhcGlzLmNvbS9vYXV0aDIvdjEvY2VydHMiLAogICJjbGllbnRfeDUwOV9jZXJ0X3VybCI6ICJodHRwczovL3d3dy5nb29nbGVhcGlzLmNvbS9yb2JvdC92MS9tZXRhZGF0YS94NTA5L2dpdGh1Yi1zeW5jLWJ1Y2tldC1yZWFkZXIlNDBwcm9wYW5lLXdpbGwtNDY4NTE4LWQwLmlhbS5nc2VydmljZWFjY291bnQuY29tIiwKICAidW5pdmVyc2VfZG9tYWluIjogImdvb2dsZWFwaXMuY29tIgp9Cg==",
            "private_key_type": "TYPE_GOOGLE_CREDENTIALS_FILE",
            "public_key": "LS0tLS1CRUdJTiBDRVJUSUZJQ0FURS0tLS0tCk1JSUMvVENDQWVXZ0F3SUJBZ0lKQU5RK0M2MGhESFNYTUEwR0NTcUdTSWIzRFFFQkJRVUFNQ0F4SGpBY0JnTlYKQkFNTUZURXdNRFExT1RrMk5EWXhNemsyTXpJek9UQXpNekFnRncweU5UQTRNRGt5TXpVd05UVmFHQTg1T1RrNQpNVEl6TVRJek5UazFPVm93SURFZU1Cd0dBMVVFQXd3Vk1UQXdORFU1T1RZME5qRXpPVFl6TWpNNU1ETXpNSUlCCklqQU5CZ2txaGtpRzl3MEJBUUVGQUFPQ0FROEFNSUlCQ2dLQ0FRRUF3UHdKZ2FqR3JTTk94eGtVVkc1a3FzUE4Kd2l4cXhacUdDU3pYdGZ6dTU0eUhVZjVkUzd2b0h2dHlZNmdRVld3ZDBlV3JBVHlXdnhBclNZTTBhMW5JOUZ5UgpCMFZJZGcxaEFHbzYyOXNZYVF1anU3M0EwVUFYNkdYU045VmgwNE1qb0F3bnFvLzFqK3BndDZJQ1JrNGRZVWlVCklYNitneHQreElUaUQxeTBFOUhScHB1UUZudCtlSlc1RFpicEhiYmo0d2xZaFkwQU9mR0RackxVMUxKYUxodnQKNHFKNThXZGRabXRGNFZQdUFBaHRLd0V4aGJRTmE4VDVkL2FTTGhEZ1pKak9DS3VlelpBR21DOXcvcDlwdlRTVApqNlR1YXBySzVnTEFPWTFuSG00WnhSb3BweExjYVdBZFp4TjFvV3MvVUVDRWl1OFJsNGRBYm1UL2hlZStlUUlECkFRQUJvemd3TmpBTUJnTlZIUk1CQWY4RUFqQUFNQTRHQTFVZER3RUIvd1FFQXdJSGdEQVdCZ05WSFNVQkFmOEUKRERBS0JnZ3JCZ0VGQlFjREFqQU5CZ2txaGtpRzl3MEJBUVVGQUFPQ0FRRUFkL0h5RkgzTGdDVHRDSjAzSkJvRgppalRhVk0rUWZPZ0g5OU9GaS9GTXBNeDRYUFZTZThhTDZTenl4MlJPRFl2eFBSOGxMcmFDRjErS2pOeCt2T01pCktVemdnVDMyTG9OK2YyZStiNXBWNU9GQ1p1NWZhREZwaFJENGpyVzMxeXBETExHcWR2RytUaGVFYlZweEt5cVUKU0JPKzMyeEpoRzlZd1p4Z3cwRlNiU3RqejNVWjM1L1FmdE1SbmlrWitnL1JiQmt4Q0RSVm56RlRiSVhZSkl1cwpTaXNqNzdhbHZyOFkrbU01N1lWS3gveG9yUGJDSFVmZzRqcmMxdjQzSXptd09WandXK3ZjK2JLcXhCMjY2K0FZCnVGWkdpamEzYzhqcnNZbzN5S0dFcG5uWENxbUNwaTVqVlFON3dLWWxwQ3VFOFJNZCs1ck1uclB2RmFvcFhJbmIKcUE9PQotLS0tLUVORCBDRVJUSUZJQ0FURS0tLS0tCg==",
            "public_key_data": null,
            "public_key_type": "TYPE_X509_PEM_FILE",
            "service_account_id": "projects/propane-will-468518-d0/serviceAccounts/github-sync-bucket-reader@propane-will-468518-d0.iam.gserviceaccount.com",
            "valid_after": "2025-08-09T23:50:55Z",
            "valid_before": "9999-12-31T23:59:59Z"
          },
          "sensitive_attributes": [
            [
              {
                "type": "get_attr",
                "value": "private_key"
              }
            ]
          ],
          "identity_schema_version": 0,
          "private": "bnVsbA==",
          "dependencies": [
            "google_service_account.github_sync_sa"
          ]
        }
      ]
    },
    {
      "mode": "managed",
      "type": "google_storage_bucket",
      "name": "knowledge_docs",
      "provider": "provider[\"registry.terraform.io/hashicorp/google\"]",
      "instances": [
        {
          "schema_version": 2,
          "attributes": {
            "autoclass": [],
            "cors": [],
            "custom_placement_config": [],
            "default_event_based_hold": false,
            "effective_labels": {
              "environment": "dev",
              "usage": "knowledge-docs"
            },
            "enable_object_retention": false,
            "encryption": [],
            "force_destroy": false,
            "id": "ai-assistant-dev-docs",
            "labels": {
              "environment": "dev",
              "usage": "knowledge-docs"
            },
            "lifecycle_rule": [
              {
                "action": [
                  {
                    "storage_class": "",
                    "type": "Delete"
                  }
                ],
                "condition": [
                  {
                    "age": 365,
                    "created_before": "",
                    "custom_time_before": "",
                    "days_since_custom_time": 0,
                    "days_since_noncurrent_time": 0,
                    "matches_prefix": [],
                    "matches_storage_class": [],
                    "matches_suffix": [],
                    "no_age": false,
                    "noncurrent_time_before": "",
                    "num_newer_versions": 0,
                    "send_age_if_zero": true,
                    "send_days_since_custom_time_if_zero": false,
                    "send_days_since_noncurrent_time_if_zero": false,
                    "send_num_newer_versions_if_zero": false,
                    "with_state": "ANY"
                  }
                ]
              }
            ],
            "location": "US-CENTRAL1",
            "logging": [],
            "name": "ai-assistant-dev-docs",
            "project": "propane-will-468518-d0",
            "project_number": 69138043800,
            "public_access_prevention": "inherited",
            "requester_pays": false,
            "retention_policy": [],
            "rpo": null,
            "self_link": "https://www.googleapis.com/storage/v1/b/ai-assistant-dev-docs",
            "soft_delete_policy": [
              {
                "effective_time": "2025-08-09T19:21:44.255Z",
                "retention_duration_seconds": 604800
              }
            ],
            "storage_class": "STANDARD",
            "terraform_labels": {
              "environment": "dev",
              "usage": "knowledge-docs"
            },
            "timeouts": null,
            "uniform_bucket_level_access": true,
            "url": "gs://ai-assistant-dev-docs",
            "versioning": [
              {
                "enabled": false
              }
            ],
            "website": []
          },
          "sensitive_attributes": [],
          "identity_schema_version": 0,
          "private": "eyJlMmJmYjczMC1lY2FhLTExZTYtOGY4OC0zNDM2M2JjN2M0YzAiOnsiY3JlYXRlIjo2MDAwMDAwMDAwMDAsInJlYWQiOjI0MDAwMDAwMDAwMCwidXBkYXRlIjoyNDAwMDAwMDAwMDB9LCJzY2hlbWFfdmVyc2lvbiI6IjIifQ=="
        }
      ]
    },
    {
      "mode": "managed",
      "type": "google_storage_bucket_iam_member",
      "name": "bucket_reader",
      "provider": "provider[\"registry.terraform.io/hashicorp/google\"]",
      "instances": [
        {
          "schema_version": 0,
          "attributes": {
            "bucket": "b/ai-assistant-dev-docs",
            "condition": [],
            "etag": "CAY=",
            "id": "b/ai-assistant-dev-docs/roles/storage.objectViewer/serviceAccount:github-sync-bucket-reader@propane-will-468518-d0.iam.gserviceaccount.com",
            "member": "serviceAccount:github-sync-bucket-reader@propane-will-468518-d0.iam.gserviceaccount.com",
            "role": "roles/storage.objectViewer"
          },
          "sensitive_attributes": [],
          "identity_schema_version": 0,
          "private": "bnVsbA==",
          "dependencies": [
            "google_storage_bucket.knowledge_docs"
          ]
        }
      ]
    }
  ],
  "check_results": null
}
