{
  "version": 4,
  "terraform_version": "1.12.2",
  "serial": 71,
  "lineage": "b908b57d-3f8b-d942-34f2-c8bb9ca18836",
  "outputs": {},
  "resources": [
    {
      "mode": "managed",
      "type": "google_project_service",
      "name": "enable_apis",
      "provider": "provider[\"registry.terraform.io/hashicorp/google\"]",
      "instances": [
        {
          "index_key": "aiplatform.googleapis.com",
          "schema_version": 0,
          "attributes": {
            "disable_dependent_services": null,
            "disable_on_destroy": true,
            "id": "propane-will-468518-d0/aiplatform.googleapis.com",
            "project": "propane-will-468518-d0",
            "service": "aiplatform.googleapis.com",
            "timeouts": null
          },
          "sensitive_attributes": [],
          "identity_schema_version": 0,
          "private": "eyJlMmJmYjczMC1lY2FhLTExZTYtOGY4OC0zNDM2M2JjN2M0YzAiOnsiY3JlYXRlIjoxMjAwMDAwMDAwMDAwLCJkZWxldGUiOjEyMDAwMDAwMDAwMDAsInJlYWQiOjYwMDAwMDAwMDAwMCwidXBkYXRlIjoxMjAwMDAwMDAwMDAwfX0="
        },
        {
          "index_key": "iam.googleapis.com",
          "schema_version": 0,
          "attributes": {
            "disable_dependent_services": null,
            "disable_on_destroy": true,
            "id": "propane-will-468518-d0/iam.googleapis.com",
            "project": "propane-will-468518-d0",
            "service": "iam.googleapis.com",
            "timeouts": null
          },
          "sensitive_attributes": [],
          "identity_schema_version": 0,
          "private": "eyJlMmJmYjczMC1lY2FhLTExZTYtOGY4OC0zNDM2M2JjN2M0YzAiOnsiY3JlYXRlIjoxMjAwMDAwMDAwMDAwLCJkZWxldGUiOjEyMDAwMDAwMDAwMDAsInJlYWQiOjYwMDAwMDAwMDAwMCwidXBkYXRlIjoxMjAwMDAwMDAwMDAwfX0="
        },
        {
          "index_key": "run.googleapis.com",
          "schema_version": 0,
          "attributes": {
            "disable_dependent_services": null,
            "disable_on_destroy": true,
            "id": "propane-will-468518-d0/run.googleapis.com",
            "project": "propane-will-468518-d0",
            "service": "run.googleapis.com",
            "timeouts": null
          },
          "sensitive_attributes": [],
          "identity_schema_version": 0,
          "private": "eyJlMmJmYjczMC1lY2FhLTExZTYtOGY4OC0zNDM2M2JjN2M0YzAiOnsiY3JlYXRlIjoxMjAwMDAwMDAwMDAwLCJkZWxldGUiOjEyMDAwMDAwMDAwMDAsInJlYWQiOjYwMDAwMDAwMDAwMCwidXBkYXRlIjoxMjAwMDAwMDAwMDAwfX0="
        },
        {
          "index_key": "secretmanager.googleapis.com",
          "schema_version": 0,
          "attributes": {
            "disable_dependent_services": null,
            "disable_on_destroy": true,
            "id": "propane-will-468518-d0/secretmanager.googleapis.com",
            "project": "propane-will-468518-d0",
            "service": "secretmanager.googleapis.com",
            "timeouts": null
          },
          "sensitive_attributes": [],
          "identity_schema_version": 0,
          "private": "eyJlMmJmYjczMC1lY2FhLTExZTYtOGY4OC0zNDM2M2JjN2M0YzAiOnsiY3JlYXRlIjoxMjAwMDAwMDAwMDAwLCJkZWxldGUiOjEyMDAwMDAwMDAwMDAsInJlYWQiOjYwMDAwMDAwMDAwMCwidXBkYXRlIjoxMjAwMDAwMDAwMDAwfX0="
        },
        {
          "index_key": "storage.googleapis.com",
          "schema_version": 0,
          "attributes": {
            "disable_dependent_services": null,
            "disable_on_destroy": true,
            "id": "propane-will-468518-d0/storage.googleapis.com",
            "project": "propane-will-468518-d0",
            "service": "storage.googleapis.com",
            "timeouts": null
          },
          "sensitive_attributes": [],
          "identity_schema_version": 0,
          "private": "eyJlMmJmYjczMC1lY2FhLTExZTYtOGY4OC0zNDM2M2JjN2M0YzAiOnsiY3JlYXRlIjoxMjAwMDAwMDAwMDAwLCJkZWxldGUiOjEyMDAwMDAwMDAwMDAsInJlYWQiOjYwMDAwMDAwMDAwMCwidXBkYXRlIjoxMjAwMDAwMDAwMDAwfX0="
        }
      ]
    },
    {
      "mode": "managed",
      "type": "google_project_service",
      "name": "secret_manager",
      "provider": "provider[\"registry.terraform.io/hashicorp/google\"]",
      "instances": [
        {
          "schema_version": 0,
          "attributes": {
            "disable_dependent_services": null,
            "disable_on_destroy": true,
            "id": "propane-will-468518-d0/secretmanager.googleapis.com",
            "project": "propane-will-468518-d0",
            "service": "secretmanager.googleapis.com",
            "timeouts": null
          },
          "sensitive_attributes": [],
          "identity_schema_version": 0,
          "private": "eyJlMmJmYjczMC1lY2FhLTExZTYtOGY4OC0zNDM2M2JjN2M0YzAiOnsiY3JlYXRlIjoxMjAwMDAwMDAwMDAwLCJkZWxldGUiOjEyMDAwMDAwMDAwMDAsInJlYWQiOjYwMDAwMDAwMDAwMCwidXBkYXRlIjoxMjAwMDAwMDAwMDAwfX0="
        }
      ]
    },
    {
      "mode": "managed",
      "type": "google_secret_manager_secret",
      "name": "github_sa_secret",
      "provider": "provider[\"registry.terraform.io/hashicorp/google\"]",
      "instances": [
        {
          "schema_version": 0,
          "attributes": {
            "annotations": {},
            "create_time": "2025-08-16T15:00:58.110478Z",
            "effective_annotations": {},
            "effective_labels": {},
            "expire_time": "",
            "id": "projects/propane-will-468518-d0/secrets/github-sa-key",
            "labels": {},
            "name": "projects/69138043800/secrets/github-sa-key",
            "project": "propane-will-468518-d0",
            "replication": [
              {
                "auto": [
                  {
                    "customer_managed_encryption": []
                  }
                ],
                "user_managed": []
              }
            ],
            "rotation": [],
            "secret_id": "github-sa-key",
            "terraform_labels": {},
            "timeouts": null,
            "topics": [],
            "ttl": null,
            "version_aliases": {},
            "version_destroy_ttl": ""
          },
          "sensitive_attributes": [],
          "identity_schema_version": 0,
          "private": "eyJlMmJmYjczMC1lY2FhLTExZTYtOGY4OC0zNDM2M2JjN2M0YzAiOnsiY3JlYXRlIjoxMjAwMDAwMDAwMDAwLCJkZWxldGUiOjEyMDAwMDAwMDAwMDAsInVwZGF0ZSI6MTIwMDAwMDAwMDAwMH19"
        }
      ]
    },
    {
      "mode": "managed",
      "type": "google_secret_manager_secret_iam_member",
      "name": "mongo_access",
      "provider": "provider[\"registry.terraform.io/hashicorp/google\"]",
      "instances": [
        {
          "schema_version": 0,
          "attributes": {
            "condition": [],
            "etag": "BwY8fMaRBZI=",
            "id": "projects/propane-will-468518-d0/secrets/MONGO_URI/roles/secretmanager.secretAccessor/serviceAccount:github-sa@propane-will-468518-d0.iam.gserviceaccount.com",
            "member": "serviceAccount:github-sa@propane-will-468518-d0.iam.gserviceaccount.com",
            "project": "propane-will-468518-d0",
            "role": "roles/secretmanager.secretAccessor",
            "secret_id": "projects/propane-will-468518-d0/secrets/MONGO_URI"
          },
          "sensitive_attributes": [],
          "identity_schema_version": 0,
          "private": "bnVsbA=="
        }
      ]
    },
    {
      "mode": "managed",
      "type": "google_secret_manager_secret_iam_member",
      "name": "tavily_access",
      "provider": "provider[\"registry.terraform.io/hashicorp/google\"]",
      "instances": [
        {
          "schema_version": 0,
          "attributes": {
            "condition": [],
            "etag": "BwY8fMaML8s=",
            "id": "projects/propane-will-468518-d0/secrets/TAVILY_API_KEY/roles/secretmanager.secretAccessor/serviceAccount:github-sa@propane-will-468518-d0.iam.gserviceaccount.com",
            "member": "serviceAccount:github-sa@propane-will-468518-d0.iam.gserviceaccount.com",
            "project": "propane-will-468518-d0",
            "role": "roles/secretmanager.secretAccessor",
            "secret_id": "projects/propane-will-468518-d0/secrets/TAVILY_API_KEY"
          },
          "sensitive_attributes": [],
          "identity_schema_version": 0,
          "private": "bnVsbA=="
        }
      ]
    },
    {
      "mode": "managed",
      "type": "google_secret_manager_secret_version",
      "name": "github_sa_secret_version",
      "provider": "provider[\"registry.terraform.io/hashicorp/google\"]",
      "instances": [
        {
          "schema_version": 0,
          "attributes": {
            "create_time": "2025-08-16T15:01:24.967554Z",
            "deletion_policy": "DELETE",
            "destroy_time": "",
            "enabled": true,
            "id": "projects/69138043800/secrets/github-sa-key/versions/1",
            "is_secret_data_base64": false,
            "name": "projects/69138043800/secrets/github-sa-key/versions/1",
            "secret": "projects/propane-will-468518-d0/secrets/github-sa-key",
            "secret_data": "ewogICJ0eXBlIjogInNlcnZpY2VfYWNjb3VudCIsCiAgInByb2plY3RfaWQiOiAicHJvcGFuZS13aWxsLTQ2ODUxOC1kMCIsCiAgInByaXZhdGVfa2V5X2lkIjogIjVhNmZhY2UxMmJhODQ5NGRiZTk1ZGUzY2FmNDI0NzcwYzQ3ZGFhZDYiLAogICJwcml2YXRlX2tleSI6ICItLS0tLUJFR0lOIFBSSVZBVEUgS0VZLS0tLS1cbk1JSUV2QUlCQURBTkJna3Foa2lHOXcwQkFRRUZBQVNDQktZd2dnU2lBZ0VBQW9JQkFRQ294anAwcGdOQUhFZlhcbnJvQ2ZPdzIyRmNENys3ejNnV0p1cnNlMlJycXIrNGllN3RXSTlua2tzVDE5Q3RhdlJnK3JYcHNYeWw2aXk0VVdcblpwVEZVaHFjZUlyakZNMHUwWUF1c01Jb3JEVlkwSURYbVYvc1l6eXUxVzZrUG5TdzU3Y3R5M2tRLzN6YXl2OVJcbnJnNXlZeUh4VStvVzRkajAvL2FtQklXT2grNThlTFhMK1RQWkJHSm9MZFlNNTZ2Y0E4MXVsbm5ZR2lTWGpNYTRcbi9VZXNrcnEwWkhGOWNNK1MvY2hkT2tBdDFLU21vL3RFdzNNN29lNGhNeWx4THJBRm5LdG8weE1pdVFhdzkxNW1cbmIxa3NCMXp1Mml2RjRqeXZwZldUUEwxSEljd1J3SXAxeUtqUUpHQzZZaWxBdU5aakxoVjY2c3dTNFZFNTNXZTNcbituR1M3UnIzQWdNQkFBRUNnZ0VBTXh6QlpFVklrN2hjMjRsS0E2OEhNbjg1RURjSFhlK05wMWFBUGdnQ2pZWWlcbk5IdkJLSGI0YmkvTkh0clM5SWJqeFBMa1JscXZ1VjZvWWdYVUJVUWRzZ2hoaTI3bnlzZUFxZU0zRWNsQmFMSFFcbmF6clVUWXNxUEFxQU5QYURNWFlqU0Jlb2hRalN2NUlkcTVkcVlhTDdDeEp1UU5ySjhUeTVia0xOVGNLRjY2VEhcbkFSQXFxMUJWNzlmdDJqWXhpa0FhaW1ZYzBUbkMrV2JtUE1aRXJVZFlaU2hPOHBORG9kTDdOQmNzNUZUNUthc3FcbkRTOHFnaW90RDlPd01ZWFl0MjZ6d1BTcWFZQmUyendmQlZ4N1MyTEdKcVE2WTJRcjIyOW91UVVSbzY0YTZKMGVcbnJBV1NDaUYwYXFRUWV3eXpyb2N2Q3FpU01xMzE3UkpTSllWVk1Uc3NBUUtCZ1FEVDhOdHczL1ZMZTQrQmdId0xcblUvOG83RmVhbGhwaFNSNVErV0dWMVMwbThyNU5tbU9VMlBxNGJsb2RYM216RHlHaHFzUUhjd3NDQnd3bmc0aGFcbjU2ajh2RU5GM2YvZnZxWjdFYnZ0dUhVTnV5TVN3emgyTlkyMVdBazJyVC9vTTVRQmM4c3FpSk1lMmtvQ2FGMEpcbk9XSTFyTWY5akVMbXBUMnN4S3ZXeEIzMjl3S0JnUURMM0I3QWRUemMwSjR0N2RXcFFmMjdWcnpMd0VyUTJwNXJcbnNTU0NGQVRNY2RUVXN2SE9DWnN4QkRZQng1NGJBYkRNOG02MlFzUkx0ZzB2VFU5Ukw1UWFaODdnWUEwYi9QQWtcbkFOL2I1cVpUdi9EeVNCVFNhMS9RdTMydXk2eGVCTlIzei95VG92cGtJM3RsZ3FQb0d0NUhmMEV3enR4RTNZaitcbmZxS2lmT3o4QVFLQmdHV0twU2hNTkxMSWJUWG5nQWJSWkpPUHdGMFJBMnlPNHBaN0ZMVDdvSmxqZmFlaWk0bFpcbjk2MTdPWE9QTmJpRFRHS3ZkU0g0alZLWVc4dG1xbUtiVVF4ZGlvR2ozaDZ0c2dlT3RKSXRhTzkrTkV5ZCthUXdcbi9rYmUrZk1YU0dJUXJCMlNBOG5LQzJxaHZRbXdSTHJSb21zQzhBSmJQQVpUTHR4aWtjM2d3bFo3QW9HQUVQQzdcbnhYWjRsa2pudkIxVmNmay80bjkwdE9ISDFjODA5dklEZktPNU9sd0RPYUdkSW1mOTgzYk1IaDIrYjdRV1F4R3FcblRZOEN6Ti9WL0taSi93OGJHWTZpekZadkFISm1hamVBWXIrcDlxK3VrQk9aVjFzQTNWR1hRaDArdDVsakpvbXNcbkRZQ3ZtZjZ3MUdDa3lqYmhYY09mWVRUdmJQR1Qzc0liTmJGMzZBRUNnWUFkK2Z0bjVkZE9WczVWZzBqaGhVWTJcbi95WFlJQmJubktzOTN4NHA3NUZkY1J3ZW9pYTFHWUJvV1c1Snoxa1Vza0hHY3B0dkdUQTJiS0hsVmFDOWJvbzRcbmJKOTg0QjhUTXYvUUZTUXRVWnMrZXAyQzhzeVViWHhjME9OakxUaUlFUGtIczdpeGJNSDkwSW85VjQrNXZZeWJcbjV4MTNkMERoK3NsMlRiSkFWODhVQ3c9PVxuLS0tLS1FTkQgUFJJVkFURSBLRVktLS0tLVxuIiwKICAiY2xpZW50X2VtYWlsIjogImdpdGh1Yi1zYUBwcm9wYW5lLXdpbGwtNDY4NTE4LWQwLmlhbS5nc2VydmljZWFjY291bnQuY29tIiwKICAiY2xpZW50X2lkIjogIjEwMzk1MjM3NDIxMjc2NjgzODkwMCIsCiAgImF1dGhfdXJpIjogImh0dHBzOi8vYWNjb3VudHMuZ29vZ2xlLmNvbS9vL29hdXRoMi9hdXRoIiwKICAidG9rZW5fdXJpIjogImh0dHBzOi8vb2F1dGgyLmdvb2dsZWFwaXMuY29tL3Rva2VuIiwKICAiYXV0aF9wcm92aWRlcl94NTA5X2NlcnRfdXJsIjogImh0dHBzOi8vd3d3Lmdvb2dsZWFwaXMuY29tL29hdXRoMi92MS9jZXJ0cyIsCiAgImNsaWVudF94NTA5X2NlcnRfdXJsIjogImh0dHBzOi8vd3d3Lmdvb2dsZWFwaXMuY29tL3JvYm90L3YxL21ldGFkYXRhL3g1MDkvZ2l0aHViLXNhJTQwcHJvcGFuZS13aWxsLTQ2ODUxOC1kMC5pYW0uZ3NlcnZpY2VhY2NvdW50LmNvbSIsCiAgInVuaXZlcnNlX2RvbWFpbiI6ICJnb29nbGVhcGlzLmNvbSIKfQo=",
            "timeouts": null,
            "version": "1"
          },
          "sensitive_attributes": [
            [
              {
                "type": "get_attr",
                "value": "secret_data"
              }
            ]
          ],
          "identity_schema_version": 0,
          "private": "eyJlMmJmYjczMC1lY2FhLTExZTYtOGY4OC0zNDM2M2JjN2M0YzAiOnsiY3JlYXRlIjoxMjAwMDAwMDAwMDAwLCJkZWxldGUiOjEyMDAwMDAwMDAwMDAsInVwZGF0ZSI6MTIwMDAwMDAwMDAwMH19",
          "dependencies": [
            "google_secret_manager_secret.github_sa_secret",
            "google_service_account.github_sa",
            "google_service_account_key.github_sa_key"
          ]
        }
      ]
    },
    {
      "mode": "managed",
      "type": "google_service_account",
      "name": "github_sa",
      "provider": "provider[\"registry.terraform.io/hashicorp/google\"]",
      "instances": [
        {
          "schema_version": 0,
          "attributes": {
            "account_id": "github-sa",
            "create_ignore_already_exists": null,
            "description": "",
            "disabled": false,
            "display_name": "GitHub Actions SA",
            "email": "github-sa@propane-will-468518-d0.iam.gserviceaccount.com",
            "id": "projects/propane-will-468518-d0/serviceAccounts/github-sa@propane-will-468518-d0.iam.gserviceaccount.com",
            "member": "serviceAccount:github-sa@propane-will-468518-d0.iam.gserviceaccount.com",
            "name": "projects/propane-will-468518-d0/serviceAccounts/github-sa@propane-will-468518-d0.iam.gserviceaccount.com",
            "project": "propane-will-468518-d0",
            "timeouts": null,
            "unique_id": "103952374212766838900"
          },
          "sensitive_attributes": [],
          "identity_schema_version": 0,
          "private": "eyJlMmJmYjczMC1lY2FhLTExZTYtOGY4OC0zNDM2M2JjN2M0YzAiOnsiY3JlYXRlIjozMDAwMDAwMDAwMDB9fQ=="
        }
      ]
    },
    {
      "mode": "managed",
      "type": "google_service_account_key",
      "name": "github_sa_key",
      "provider": "provider[\"registry.terraform.io/hashicorp/google\"]",
      "instances": [
        {
          "schema_version": 0,
          "attributes": {
            "id": "projects/propane-will-468518-d0/serviceAccounts/github-sa@propane-will-468518-d0.iam.gserviceaccount.com/keys/5a6face12ba8494dbe95de3caf424770c47daad6",
            "keepers": null,
            "key_algorithm": "KEY_ALG_RSA_2048",
            "name": "projects/propane-will-468518-d0/serviceAccounts/github-sa@propane-will-468518-d0.iam.gserviceaccount.com/keys/5a6face12ba8494dbe95de3caf424770c47daad6",
            "private_key": "ewogICJ0eXBlIjogInNlcnZpY2VfYWNjb3VudCIsCiAgInByb2plY3RfaWQiOiAicHJvcGFuZS13aWxsLTQ2ODUxOC1kMCIsCiAgInByaXZhdGVfa2V5X2lkIjogIjVhNmZhY2UxMmJhODQ5NGRiZTk1ZGUzY2FmNDI0NzcwYzQ3ZGFhZDYiLAogICJwcml2YXRlX2tleSI6ICItLS0tLUJFR0lOIFBSSVZBVEUgS0VZLS0tLS1cbk1JSUV2QUlCQURBTkJna3Foa2lHOXcwQkFRRUZBQVNDQktZd2dnU2lBZ0VBQW9JQkFRQ294anAwcGdOQUhFZlhcbnJvQ2ZPdzIyRmNENys3ejNnV0p1cnNlMlJycXIrNGllN3RXSTlua2tzVDE5Q3RhdlJnK3JYcHNYeWw2aXk0VVdcblpwVEZVaHFjZUlyakZNMHUwWUF1c01Jb3JEVlkwSURYbVYvc1l6eXUxVzZrUG5TdzU3Y3R5M2tRLzN6YXl2OVJcbnJnNXlZeUh4VStvVzRkajAvL2FtQklXT2grNThlTFhMK1RQWkJHSm9MZFlNNTZ2Y0E4MXVsbm5ZR2lTWGpNYTRcbi9VZXNrcnEwWkhGOWNNK1MvY2hkT2tBdDFLU21vL3RFdzNNN29lNGhNeWx4THJBRm5LdG8weE1pdVFhdzkxNW1cbmIxa3NCMXp1Mml2RjRqeXZwZldUUEwxSEljd1J3SXAxeUtqUUpHQzZZaWxBdU5aakxoVjY2c3dTNFZFNTNXZTNcbituR1M3UnIzQWdNQkFBRUNnZ0VBTXh6QlpFVklrN2hjMjRsS0E2OEhNbjg1RURjSFhlK05wMWFBUGdnQ2pZWWlcbk5IdkJLSGI0YmkvTkh0clM5SWJqeFBMa1JscXZ1VjZvWWdYVUJVUWRzZ2hoaTI3bnlzZUFxZU0zRWNsQmFMSFFcbmF6clVUWXNxUEFxQU5QYURNWFlqU0Jlb2hRalN2NUlkcTVkcVlhTDdDeEp1UU5ySjhUeTVia0xOVGNLRjY2VEhcbkFSQXFxMUJWNzlmdDJqWXhpa0FhaW1ZYzBUbkMrV2JtUE1aRXJVZFlaU2hPOHBORG9kTDdOQmNzNUZUNUthc3FcbkRTOHFnaW90RDlPd01ZWFl0MjZ6d1BTcWFZQmUyendmQlZ4N1MyTEdKcVE2WTJRcjIyOW91UVVSbzY0YTZKMGVcbnJBV1NDaUYwYXFRUWV3eXpyb2N2Q3FpU01xMzE3UkpTSllWVk1Uc3NBUUtCZ1FEVDhOdHczL1ZMZTQrQmdId0xcblUvOG83RmVhbGhwaFNSNVErV0dWMVMwbThyNU5tbU9VMlBxNGJsb2RYM216RHlHaHFzUUhjd3NDQnd3bmc0aGFcbjU2ajh2RU5GM2YvZnZxWjdFYnZ0dUhVTnV5TVN3emgyTlkyMVdBazJyVC9vTTVRQmM4c3FpSk1lMmtvQ2FGMEpcbk9XSTFyTWY5akVMbXBUMnN4S3ZXeEIzMjl3S0JnUURMM0I3QWRUemMwSjR0N2RXcFFmMjdWcnpMd0VyUTJwNXJcbnNTU0NGQVRNY2RUVXN2SE9DWnN4QkRZQng1NGJBYkRNOG02MlFzUkx0ZzB2VFU5Ukw1UWFaODdnWUEwYi9QQWtcbkFOL2I1cVpUdi9EeVNCVFNhMS9RdTMydXk2eGVCTlIzei95VG92cGtJM3RsZ3FQb0d0NUhmMEV3enR4RTNZaitcbmZxS2lmT3o4QVFLQmdHV0twU2hNTkxMSWJUWG5nQWJSWkpPUHdGMFJBMnlPNHBaN0ZMVDdvSmxqZmFlaWk0bFpcbjk2MTdPWE9QTmJpRFRHS3ZkU0g0alZLWVc4dG1xbUtiVVF4ZGlvR2ozaDZ0c2dlT3RKSXRhTzkrTkV5ZCthUXdcbi9rYmUrZk1YU0dJUXJCMlNBOG5LQzJxaHZRbXdSTHJSb21zQzhBSmJQQVpUTHR4aWtjM2d3bFo3QW9HQUVQQzdcbnhYWjRsa2pudkIxVmNmay80bjkwdE9ISDFjODA5dklEZktPNU9sd0RPYUdkSW1mOTgzYk1IaDIrYjdRV1F4R3FcblRZOEN6Ti9WL0taSi93OGJHWTZpekZadkFISm1hamVBWXIrcDlxK3VrQk9aVjFzQTNWR1hRaDArdDVsakpvbXNcbkRZQ3ZtZjZ3MUdDa3lqYmhYY09mWVRUdmJQR1Qzc0liTmJGMzZBRUNnWUFkK2Z0bjVkZE9WczVWZzBqaGhVWTJcbi95WFlJQmJubktzOTN4NHA3NUZkY1J3ZW9pYTFHWUJvV1c1Snoxa1Vza0hHY3B0dkdUQTJiS0hsVmFDOWJvbzRcbmJKOTg0QjhUTXYvUUZTUXRVWnMrZXAyQzhzeVViWHhjME9OakxUaUlFUGtIczdpeGJNSDkwSW85VjQrNXZZeWJcbjV4MTNkMERoK3NsMlRiSkFWODhVQ3c9PVxuLS0tLS1FTkQgUFJJVkFURSBLRVktLS0tLVxuIiwKICAiY2xpZW50X2VtYWlsIjogImdpdGh1Yi1zYUBwcm9wYW5lLXdpbGwtNDY4NTE4LWQwLmlhbS5nc2VydmljZWFjY291bnQuY29tIiwKICAiY2xpZW50X2lkIjogIjEwMzk1MjM3NDIxMjc2NjgzODkwMCIsCiAgImF1dGhfdXJpIjogImh0dHBzOi8vYWNjb3VudHMuZ29vZ2xlLmNvbS9vL29hdXRoMi9hdXRoIiwKICAidG9rZW5fdXJpIjogImh0dHBzOi8vb2F1dGgyLmdvb2dsZWFwaXMuY29tL3Rva2VuIiwKICAiYXV0aF9wcm92aWRlcl94NTA5X2NlcnRfdXJsIjogImh0dHBzOi8vd3d3Lmdvb2dsZWFwaXMuY29tL29hdXRoMi92MS9jZXJ0cyIsCiAgImNsaWVudF94NTA5X2NlcnRfdXJsIjogImh0dHBzOi8vd3d3Lmdvb2dsZWFwaXMuY29tL3JvYm90L3YxL21ldGFkYXRhL3g1MDkvZ2l0aHViLXNhJTQwcHJvcGFuZS13aWxsLTQ2ODUxOC1kMC5pYW0uZ3NlcnZpY2VhY2NvdW50LmNvbSIsCiAgInVuaXZlcnNlX2RvbWFpbiI6ICJnb29nbGVhcGlzLmNvbSIKfQo=",
            "private_key_type": "TYPE_GOOGLE_CREDENTIALS_FILE",
            "public_key": "LS0tLS1CRUdJTiBDRVJUSUZJQ0FURS0tLS0tCk1JSUMvRENDQWVTZ0F3SUJBZ0lJQngvZE9lSzlab2d3RFFZSktvWklodmNOQVFFRkJRQXdJREVlTUJ3R0ExVUUKQXd3Vk1UQXpPVFV5TXpjME1qRXlOelkyT0RNNE9UQXdNQ0FYRFRJMU1EZ3hOakUxTURFeE1Gb1lEems1T1RreApNak14TWpNMU9UVTVXakFnTVI0d0hBWURWUVFEREJVeE1ETTVOVEl6TnpReU1USTNOalk0TXpnNU1EQXdnZ0VpCk1BMEdDU3FHU0liM0RRRUJBUVVBQTRJQkR3QXdnZ0VLQW9JQkFRQ294anAwcGdOQUhFZlhyb0NmT3cyMkZjRDcKKzd6M2dXSnVyc2UyUnJxcis0aWU3dFdJOW5ra3NUMTlDdGF2Umcrclhwc1h5bDZpeTRVV1pwVEZVaHFjZUlyagpGTTB1MFlBdXNNSW9yRFZZMElEWG1WL3NZenl1MVc2a1BuU3c1N2N0eTNrUS8zemF5djlScmc1eVl5SHhVK29XCjRkajAvL2FtQklXT2grNThlTFhMK1RQWkJHSm9MZFlNNTZ2Y0E4MXVsbm5ZR2lTWGpNYTQvVWVza3JxMFpIRjkKY00rUy9jaGRPa0F0MUtTbW8vdEV3M003b2U0aE15bHhMckFGbkt0bzB4TWl1UWF3OTE1bWIxa3NCMXp1Mml2Rgo0anl2cGZXVFBMMUhJY3dSd0lwMXlLalFKR0M2WWlsQXVOWmpMaFY2NnN3UzRWRTUzV2UzK25HUzdScjNBZ01CCkFBR2pPREEyTUF3R0ExVWRFd0VCL3dRQ01BQXdEZ1lEVlIwUEFRSC9CQVFEQWdlQU1CWUdBMVVkSlFFQi93UU0KTUFvR0NDc0dBUVVGQndNQ01BMEdDU3FHU0liM0RRRUJCUVVBQTRJQkFRQjcyU21IUGRZdUFKbVdiaTVLb1NkdQpiT0JMWDlkL1JBejQ5TytKbWFIcUd5QlJFWHE5dnl3a2gyMUtJY21kOXpTZnJEM3lnallveWk1U2twTlJEWjQ2CmFsMDlhOENWVG5HTytYSWUyZlRoTFpCQ3FyaVdZVFhJaTFjNDRqMUoyVFZSdnc5dGNXVTVIbEFIZUhNMG01NkgKc0RsWEE5QnNvNEpGTDZxeVNsbDZDdXM3NmtMUXAwSjFiKzdaem1VZXFtWVF3Nk5Zd2hMMWZwRGhvbkR5akhoRwpOVG01bEprR0JOaEFzVnpXVStQdi8wd3o0QjF0UnUwZC9NL3lTaG5ZMVRTSmFlMm00bkczWHo4aUJIT3VsLytyCnIwcW9WVnFYYXVRZW1qOFo0MC83OWx6VUxvY0lKOHJaSlhST0RSdG5GeGY2ZWhjM1ZQYlB5OUlOMitZMjlQalUKLS0tLS1FTkQgQ0VSVElGSUNBVEUtLS0tLQo=",
            "public_key_data": null,
            "public_key_type": "TYPE_X509_PEM_FILE",
            "service_account_id": "projects/propane-will-468518-d0/serviceAccounts/github-sa@propane-will-468518-d0.iam.gserviceaccount.com",
            "valid_after": "2025-08-16T15:01:10Z",
            "valid_before": "9999-12-31T23:59:59Z"
          },
          "sensitive_attributes": [
            [
              {
                "type": "get_attr",
                "value": "private_key"
              }
            ]
          ],
          "identity_schema_version": 0,
          "private": "bnVsbA==",
          "dependencies": [
            "google_service_account.github_sa"
          ]
        }
      ]
    },
    {
      "mode": "managed",
      "type": "google_storage_bucket",
      "name": "knowledge_docs",
      "provider": "provider[\"registry.terraform.io/hashicorp/google\"]",
      "instances": [
        {
          "schema_version": 2,
          "attributes": {
            "autoclass": [],
            "cors": [],
            "custom_placement_config": [],
            "default_event_based_hold": false,
            "effective_labels": {
              "environment": "dev",
              "usage": "knowledge-docs"
            },
            "enable_object_retention": false,
            "encryption": [],
            "force_destroy": false,
            "id": "ai-assistant-dev-docs",
            "labels": {
              "environment": "dev",
              "usage": "knowledge-docs"
            },
            "lifecycle_rule": [
              {
                "action": [
                  {
                    "storage_class": "",
                    "type": "Delete"
                  }
                ],
                "condition": [
                  {
                    "age": 365,
                    "created_before": "",
                    "custom_time_before": "",
                    "days_since_custom_time": 0,
                    "days_since_noncurrent_time": 0,
                    "matches_prefix": [],
                    "matches_storage_class": [],
                    "matches_suffix": [],
                    "no_age": false,
                    "noncurrent_time_before": "",
                    "num_newer_versions": 0,
                    "send_age_if_zero": true,
                    "send_days_since_custom_time_if_zero": false,
                    "send_days_since_noncurrent_time_if_zero": false,
                    "send_num_newer_versions_if_zero": false,
                    "with_state": "ANY"
                  }
                ]
              }
            ],
            "location": "US-CENTRAL1",
            "logging": [],
            "name": "ai-assistant-dev-docs",
            "project": "propane-will-468518-d0",
            "project_number": 69138043800,
            "public_access_prevention": "inherited",
            "requester_pays": false,
            "retention_policy": [],
            "rpo": null,
            "self_link": "https://www.googleapis.com/storage/v1/b/ai-assistant-dev-docs",
            "soft_delete_policy": [
              {
                "effective_time": "2025-08-09T19:21:44.255Z",
                "retention_duration_seconds": 604800
              }
            ],
            "storage_class": "STANDARD",
            "terraform_labels": {
              "environment": "dev",
              "usage": "knowledge-docs"
            },
            "timeouts": null,
            "uniform_bucket_level_access": true,
            "url": "gs://ai-assistant-dev-docs",
            "versioning": [
              {
                "enabled": false
              }
            ],
            "website": []
          },
          "sensitive_attributes": [],
          "identity_schema_version": 0,
          "private": "eyJlMmJmYjczMC1lY2FhLTExZTYtOGY4OC0zNDM2M2JjN2M0YzAiOnsiY3JlYXRlIjo2MDAwMDAwMDAwMDAsInJlYWQiOjI0MDAwMDAwMDAwMCwidXBkYXRlIjoyNDAwMDAwMDAwMDB9LCJzY2hlbWFfdmVyc2lvbiI6IjIifQ=="
        }
      ]
    },
    {
      "mode": "managed",
      "type": "google_storage_bucket_iam_member",
      "name": "bucket_reader",
      "provider": "provider[\"registry.terraform.io/hashicorp/google\"]",
      "instances": [
        {
          "schema_version": 0,
          "attributes": {
            "bucket": "b/ai-assistant-dev-docs",
            "condition": [],
            "etag": "CAg=",
            "id": "b/ai-assistant-dev-docs/roles/storage.objectViewer/serviceAccount:github-sa@propane-will-468518-d0.iam.gserviceaccount.com",
            "member": "serviceAccount:github-sa@propane-will-468518-d0.iam.gserviceaccount.com",
            "role": "roles/storage.objectViewer"
          },
          "sensitive_attributes": [],
          "identity_schema_version": 0,
          "private": "bnVsbA==",
          "dependencies": [
            "google_storage_bucket.knowledge_docs"
          ]
        }
      ]
    }
  ],
  "check_results": null
}
